
Microsoft Visual Studio Solution File, Format Version 12.00
Project("{F2A71F9B-5D33-465A-A702-920D77279786}") = "day-1", "day-1\day-1.fsproj", "{45850D12-BCA0-480E-A94D-3EAF796B00C7}"
EndProject
Project("{F2A71F9B-5D33-465A-A702-920D77279786}") = "day-2", "day-2\day-2.fsproj", "{2A2FD204-C129-4CA0-9F9B-4E7D32AE39F0}"
EndProject
Project("{F2A71F9B-5D33-465A-A702-920D77279786}") = "day-3", "day-3\day-3.fsproj", "{37438A5D-559D-44CC-AD0D-FF63F9DE341D}"
EndProject
Project("{F2A71F9B-5D33-465A-A702-920D77279786}") = "day-4", "day-4\day-4.fsproj", "{31D21A84-6131-4C88-8D5C-A768705DBD71}"
EndProject
Project("{F2A71F9B-5D33-465A-A702-920D77279786}") = "day-5", "day-5\day-5.fsproj", "{FF40ED7C-A40D-4974-8CC2-58191E6E5992}"
EndProject
Project("{F2A71F9B-5D33-465A-A702-920D77279786}") = "day-6", "day-6\day-6.fsproj", "{C5D76EEC-DBAC-4C4A-8BFE-95498EE4B7FC}"
EndProject
Global
	GlobalSection(SolutionConfigurationPlatforms) = preSolution
		Debug|Any CPU = Debug|Any CPU
		Release|Any CPU = Release|Any CPU
	EndGlobalSection
	GlobalSection(ProjectConfigurationPlatforms) = postSolution
		{45850D12-BCA0-480E-A94D-3EAF796B00C7}.Debug|Any CPU.ActiveCfg = Debug|Any CPU
		{45850D12-BCA0-480E-A94D-3EAF796B00C7}.Debug|Any CPU.Build.0 = Debug|Any CPU
		{45850D12-BCA0-480E-A94D-3EAF796B00C7}.Release|Any CPU.ActiveCfg = Release|Any CPU
		{45850D12-BCA0-480E-A94D-3EAF796B00C7}.Release|Any CPU.Build.0 = Release|Any CPU
		{2A2FD204-C129-4CA0-9F9B-4E7D32AE39F0}.Debug|Any CPU.ActiveCfg = Debug|Any CPU
		{2A2FD204-C129-4CA0-9F9B-4E7D32AE39F0}.Debug|Any CPU.Build.0 = Debug|Any CPU
		{2A2FD204-C129-4CA0-9F9B-4E7D32AE39F0}.Release|Any CPU.ActiveCfg = Release|Any CPU
		{2A2FD204-C129-4CA0-9F9B-4E7D32AE39F0}.Release|Any CPU.Build.0 = Release|Any CPU
		{37438A5D-559D-44CC-AD0D-FF63F9DE341D}.Debug|Any CPU.ActiveCfg = Debug|Any CPU
		{37438A5D-559D-44CC-AD0D-FF63F9DE341D}.Debug|Any CPU.Build.0 = Debug|Any CPU
		{37438A5D-559D-44CC-AD0D-FF63F9DE341D}.Release|Any CPU.ActiveCfg = Release|Any CPU
		{37438A5D-559D-44CC-AD0D-FF63F9DE341D}.Release|Any CPU.Build.0 = Release|Any CPU
		{31D21A84-6131-4C88-8D5C-A768705DBD71}.Debug|Any CPU.ActiveCfg = Debug|Any CPU
		{31D21A84-6131-4C88-8D5C-A768705DBD71}.Debug|Any CPU.Build.0 = Debug|Any CPU
		{31D21A84-6131-4C88-8D5C-A768705DBD71}.Release|Any CPU.ActiveCfg = Release|Any CPU
		{31D21A84-6131-4C88-8D5C-A768705DBD71}.Release|Any CPU.Build.0 = Release|Any CPU
		{FF40ED7C-A40D-4974-8CC2-58191E6E5992}.Debug|Any CPU.ActiveCfg = Debug|Any CPU
		{FF40ED7C-A40D-4974-8CC2-58191E6E5992}.Debug|Any CPU.Build.0 = Debug|Any CPU
		{FF40ED7C-A40D-4974-8CC2-58191E6E5992}.Release|Any CPU.ActiveCfg = Release|Any CPU
		{FF40ED7C-A40D-4974-8CC2-58191E6E5992}.Release|Any CPU.Build.0 = Release|Any CPU
		{C5D76EEC-DBAC-4C4A-8BFE-95498EE4B7FC}.Debug|Any CPU.ActiveCfg = Debug|Any CPU
		{C5D76EEC-DBAC-4C4A-8BFE-95498EE4B7FC}.Debug|Any CPU.Build.0 = Debug|Any CPU
		{C5D76EEC-DBAC-4C4A-8BFE-95498EE4B7FC}.Release|Any CPU.ActiveCfg = Release|Any CPU
		{C5D76EEC-DBAC-4C4A-8BFE-95498EE4B7FC}.Release|Any CPU.Build.0 = Release|Any CPU
	EndGlobalSection
EndGlobal
